
Microsoft Visual Studio Solution File, Format Version 12.00
# Visual Studio Version 17
VisualStudioVersion = 17.11.35327.3
MinimumVisualStudioVersion = 10.0.40219.1
Project("{9A19103F-16F7-4668-BE54-9A1E7A4F7556}") = "hovan_ibehcrossplat", "hovan_ibehcrossplat.csproj", "{C64B949F-E2E8-493A-89A2-BF654EC8AED0}"
EndProject
Global
	GlobalSection(SolutionConfigurationPlatforms) = preSolution
		Debug|Any CPU = Debug|Any CPU
		Release|Any CPU = Release|Any CPU
	EndGlobalSection
	GlobalSection(ProjectConfigurationPlatforms) = postSolution
		{C64B949F-E2E8-493A-89A2-BF654EC8AED0}.Debug|Any CPU.ActiveCfg = Debug|Any CPU
		{C64B949F-E2E8-493A-89A2-BF654EC8AED0}.Debug|Any CPU.Build.0 = Debug|Any CPU
		{C64B949F-E2E8-493A-89A2-BF654EC8AED0}.Debug|Any CPU.Deploy.0 = Debug|Any CPU
		{C64B949F-E2E8-493A-89A2-BF654EC8AED0}.Release|Any CPU.ActiveCfg = Release|Any CPU
		{C64B949F-E2E8-493A-89A2-BF654EC8AED0}.Release|Any CPU.Build.0 = Release|Any CPU
		{C64B949F-E2E8-493A-89A2-BF654EC8AED0}.Release|Any CPU.Deploy.0 = Release|Any CPU
	EndGlobalSection
	GlobalSection(SolutionProperties) = preSolution
		HideSolutionNode = FALSE
	EndGlobalSection
	GlobalSection(ExtensibilityGlobals) = postSolution
		SolutionGuid = {710F263C-CDD9-470C-81D6-11A3AF08597B}
	EndGlobalSection
EndGlobal
